{
  "version": 4,
  "terraform_version": "1.15.1",
  "serial": 551,
  "lineage": "5d93b725-4029-0c27-4441-749f162ae911",
  "outputs": {
    "airflow_url": {
      "value": "http://16.170.216.1:8080",
      "type": "string"
    },
    "athena_output_location": {
      "value": "s3://adaptive-etl-project-032896316649-eu-north-1-an/athena-results/",
      "type": "string"
    },
    "aws_region": {
      "value": "eu-north-1",
      "type": "string"
    },
    "instance_id": {
      "value": "i-065ca12bd726a5029",
      "type": "string"
    },
    "instance_public_ip": {
      "value": "16.170.216.1",
      "type": "string"
    },
    "ssh_command": {
      "value": "ssh -i ~/.ssh/id_rsa ec2-user@16.170.216.1",
      "type": "string"
    },
    "ssm_command": {
      "value": "aws ssm start-session --target i-065ca12bd726a5029",
      "type": "string"
    },
    "vpc_id": {
      "value": "vpc-03a3eff37196f4f5e",
      "type": "string"
    }
  },
  "resources": [
    {
      "mode": "data",
      "type": "aws_ami",
      "name": "al2023",
      "provider": "provider[\"registry.terraform.io/hashicorp/aws\"]",
      "instances": [
        {
          "schema_version": 0,
          "attributes": {
            "architecture": "x86_64",
            "arn": "arn:aws:ec2:eu-north-1::image/ami-0dd63e80e95816dbf",
            "block_device_mappings": [
              {
                "device_name": "/dev/xvda",
                "ebs": {
                  "delete_on_termination": "true",
                  "encrypted": "false",
                  "iops": "3000",
                  "snapshot_id": "snap-05ec5db4d953c8a6c",
                  "throughput": "125",
                  "volume_initialization_rate": "0",
                  "volume_size": "30",
                  "volume_type": "gp3"
                },
                "no_device": "",
                "virtual_name": ""
              }
            ],
            "boot_mode": "uefi-preferred",
            "creation_date": "2026-05-27T23:55:05.000Z",
            "deprecation_time": "2028-05-27T23:55:05.000Z",
            "description": "Amazon Linux AMI 2023.0.20260527 x86_64 ECS HVM EBS",
            "ena_support": true,
            "executable_users": null,
            "filter": [
              {
                "name": "name",
                "values": [
                  "al2023-ami-*-x86_64"
                ]
              },
              {
                "name": "virtualization-type",
                "values": [
                  "hvm"
                ]
              }
            ],
            "hypervisor": "xen",
            "id": "ami-0dd63e80e95816dbf",
            "image_id": "ami-0dd63e80e95816dbf",
            "image_location": "amazon/al2023-ami-ecs-hvm-2023.0.20260527-kernel-6.1-x86_64",
            "image_owner_alias": "amazon",
            "image_type": "machine",
            "imds_support": "v2.0",
            "include_deprecated": false,
            "kernel_id": "",
            "last_launched_time": "",
            "most_recent": true,
            "name": "al2023-ami-ecs-hvm-2023.0.20260527-kernel-6.1-x86_64",
            "name_regex": null,
            "owner_id": "591542846629",
            "owners": [
              "amazon"
            ],
            "platform": "",
            "platform_details": "Linux/UNIX",
            "product_codes": [],
            "public": true,
            "ramdisk_id": "",
            "root_device_name": "/dev/xvda",
            "root_device_type": "ebs",
            "root_snapshot_id": "snap-05ec5db4d953c8a6c",
            "sriov_net_support": "simple",
            "state": "available",
            "state_reason": {
              "code": "UNSET",
              "message": "UNSET"
            },
            "tags": {},
            "timeouts": null,
            "tpm_support": "",
            "uefi_data": null,
            "usage_operation": "RunInstances",
            "virtualization_type": "hvm"
          },
          "sensitive_attributes": [],
          "identity_schema_version": 0
        }
      ]
    },
    {
      "mode": "data",
      "type": "aws_subnets",
      "name": "default",
      "provider": "provider[\"registry.terraform.io/hashicorp/aws\"]",
      "instances": [
        {
          "schema_version": 0,
          "attributes": {
            "filter": [
              {
                "name": "vpc-id",
                "values": [
                  "vpc-03a3eff37196f4f5e"
                ]
              }
            ],
            "id": "eu-north-1",
            "ids": [
              "subnet-01dd48a828e5ce512",
              "subnet-069854f651ce8a1bb",
              "subnet-00c9dd98b23240443"
            ],
            "tags": null,
            "timeouts": null
          },
          "sensitive_attributes": [],
          "identity_schema_version": 0
        }
      ]
    },
    {
      "mode": "data",
      "type": "aws_vpc",
      "name": "default",
      "provider": "provider[\"registry.terraform.io/hashicorp/aws\"]",
      "instances": [
        {
          "schema_version": 0,
          "attributes": {
            "arn": "arn:aws:ec2:eu-north-1:032896316649:vpc/vpc-03a3eff37196f4f5e",
            "cidr_block": "172.31.0.0/16",
            "cidr_block_associations": [
              {
                "association_id": "vpc-cidr-assoc-0df0b80d369fef87a",
                "cidr_block": "172.31.0.0/16",
                "state": "associated"
              }
            ],
            "default": true,
            "dhcp_options_id": "dopt-05c315087ad5d0c69",
            "enable_dns_hostnames": true,
            "enable_dns_support": true,
            "enable_network_address_usage_metrics": false,
            "filter": null,
            "id": "vpc-03a3eff37196f4f5e",
            "instance_tenancy": "default",
            "ipv6_association_id": "",
            "ipv6_cidr_block": "",
            "main_route_table_id": "rtb-0801094ca03e358e9",
            "owner_id": "032896316649",
            "state": null,
            "tags": {},
            "timeouts": null
          },
          "sensitive_attributes": [],
          "identity_schema_version": 0
        }
      ]
    },
    {
      "mode": "managed",
      "type": "aws_iam_instance_profile",
      "name": "ec2_profile",
      "provider": "provider[\"registry.terraform.io/hashicorp/aws\"]",
      "instances": [
        {
          "schema_version": 0,
          "attributes": {
            "arn": "arn:aws:iam::032896316649:instance-profile/adaptive-etl-airflow-instance-profile",
            "create_date": "2026-06-04T07:40:22Z",
            "id": "adaptive-etl-airflow-instance-profile",
            "name": "adaptive-etl-airflow-instance-profile",
            "name_prefix": "",
            "path": "/",
            "role": "adaptive-etl-airflow-ec2-role",
            "tags": null,
            "tags_all": {},
            "unique_id": "AIPAQPKGF6TUUKMQVOKKA"
          },
          "sensitive_attributes": [],
          "identity_schema_version": 0,
          "private": "bnVsbA==",
          "dependencies": [
            "aws_iam_role.ec2_role"
          ]
        }
      ]
    },
    {
      "mode": "managed",
      "type": "aws_iam_role",
      "name": "ec2_role",
      "provider": "provider[\"registry.terraform.io/hashicorp/aws\"]",
      "instances": [
        {
          "schema_version": 0,
          "attributes": {
            "arn": "arn:aws:iam::032896316649:role/adaptive-etl-airflow-ec2-role",
            "assume_role_policy": "{\"Statement\":[{\"Action\":\"sts:AssumeRole\",\"Effect\":\"Allow\",\"Principal\":{\"Service\":\"ec2.amazonaws.com\"}}],\"Version\":\"2012-10-17\"}",
            "create_date": "2026-06-04T07:40:20Z",
            "description": "",
            "force_detach_policies": false,
            "id": "adaptive-etl-airflow-ec2-role",
            "inline_policy": [],
            "managed_policy_arns": [],
            "max_session_duration": 3600,
            "name": "adaptive-etl-airflow-ec2-role",
            "name_prefix": "",
            "path": "/",
            "permissions_boundary": "",
            "tags": null,
            "tags_all": {},
            "unique_id": "AROAQPKGF6TU2AUBUBKRL"
          },
          "sensitive_attributes": [],
          "identity_schema_version": 0,
          "private": "bnVsbA=="
        }
      ]
    },
    {
      "mode": "managed",
      "type": "aws_iam_role_policy",
      "name": "cloudwatch_read_for_scheduler",
      "provider": "provider[\"registry.terraform.io/hashicorp/aws\"]",
      "instances": [
        {
          "schema_version": 0,
          "attributes": {
            "id": "adaptive-etl-airflow-ec2-role:adaptive-etl-airflow-cloudwatch-read",
            "name": "adaptive-etl-airflow-cloudwatch-read",
            "name_prefix": "",
            "policy": "{\"Version\":\"2012-10-17\",\"Statement\":[{\"Action\":[\"cloudwatch:GetMetricData\",\"cloudwatch:GetMetricStatistics\",\"cloudwatch:ListMetrics\"],\"Effect\":\"Allow\",\"Resource\":\"*\",\"Sid\":\"ReadCloudWatchMetrics\"},{\"Action\":[\"ec2:DescribeInstances\"],\"Effect\":\"Allow\",\"Resource\":\"*\",\"Sid\":\"DescribeInstanceForMetricDimension\"}]}",
            "role": "adaptive-etl-airflow-ec2-role"
          },
          "sensitive_attributes": [],
          "identity_schema_version": 0,
          "private": "bnVsbA==",
          "dependencies": [
            "aws_iam_role.ec2_role"
          ]
        }
      ]
    },
    {
      "mode": "managed",
      "type": "aws_iam_role_policy",
      "name": "spark_s3_glue",
      "provider": "provider[\"registry.terraform.io/hashicorp/aws\"]",
      "instances": [
        {
          "schema_version": 0,
          "attributes": {
            "id": "adaptive-etl-airflow-ec2-role:adaptive-etl-airflow-spark-s3-glue",
            "name": "adaptive-etl-airflow-spark-s3-glue",
            "name_prefix": "",
            "policy": "{\"Version\":\"2012-10-17\",\"Statement\":[{\"Action\":[\"s3:ListBucket\",\"s3:GetBucketLocation\"],\"Effect\":\"Allow\",\"Resource\":[\"arn:aws:s3:::adaptive-etl-project-032896316649-eu-north-1-an\"],\"Sid\":\"S3BucketAccess\"},{\"Action\":[\"s3:GetObject\",\"s3:PutObject\",\"s3:DeleteObject\"],\"Effect\":\"Allow\",\"Resource\":[\"arn:aws:s3:::adaptive-etl-project-032896316649-eu-north-1-an/*\"],\"Sid\":\"S3ObjectAccess\"},{\"Action\":[\"glue:GetDatabase\",\"glue:GetDatabases\",\"glue:GetTable\",\"glue:GetTables\",\"glue:GetPartition\",\"glue:GetPartitions\",\"glue:BatchGetPartition\",\"glue:CreateTable\",\"glue:UpdateTable\",\"glue:CreatePartition\",\"glue:BatchCreatePartition\",\"glue:UpdatePartition\"],\"Effect\":\"Allow\",\"Resource\":[\"*\"],\"Sid\":\"GlueCatalogRead\"},{\"Action\":[\"athena:StartQueryExecution\",\"athena:GetQueryExecution\",\"athena:GetQueryResults\"],\"Effect\":\"Allow\",\"Resource\":[\"*\"],\"Sid\":\"AthenaQueryExecution\"}]}",
            "role": "adaptive-etl-airflow-ec2-role"
          },
          "sensitive_attributes": [],
          "identity_schema_version": 0,
          "private": "bnVsbA==",
          "dependencies": [
            "aws_iam_role.ec2_role"
          ]
        }
      ]
    },
    {
      "mode": "managed",
      "type": "aws_iam_role_policy_attachment",
      "name": "cloudwatch_agent_server",
      "provider": "provider[\"registry.terraform.io/hashicorp/aws\"]",
      "instances": [
        {
          "schema_version": 0,
          "attributes": {
            "id": "adaptive-etl-airflow-ec2-role-20260604074021903300000002",
            "policy_arn": "arn:aws:iam::aws:policy/CloudWatchAgentServerPolicy",
            "role": "adaptive-etl-airflow-ec2-role"
          },
          "sensitive_attributes": [],
          "identity_schema_version": 0,
          "private": "bnVsbA==",
          "dependencies": [
            "aws_iam_role.ec2_role"
          ]
        }
      ]
    },
    {
      "mode": "managed",
      "type": "aws_iam_role_policy_attachment",
      "name": "ssm_core",
      "provider": "provider[\"registry.terraform.io/hashicorp/aws\"]",
      "instances": [
        {
          "schema_version": 0,
          "attributes": {
            "id": "adaptive-etl-airflow-ec2-role-20260604074021711400000001",
            "policy_arn": "arn:aws:iam::aws:policy/AmazonSSMManagedInstanceCore",
            "role": "adaptive-etl-airflow-ec2-role"
          },
          "sensitive_attributes": [],
          "identity_schema_version": 0,
          "private": "bnVsbA==",
          "dependencies": [
            "aws_iam_role.ec2_role"
          ]
        }
      ]
    },
    {
      "mode": "managed",
      "type": "aws_instance",
      "name": "this",
      "provider": "provider[\"registry.terraform.io/hashicorp/aws\"]",
      "instances": [
        {
          "schema_version": 1,
          "attributes": {
            "ami": "ami-0dd63e80e95816dbf",
            "arn": "arn:aws:ec2:eu-north-1:032896316649:instance/i-065ca12bd726a5029",
            "associate_public_ip_address": true,
            "availability_zone": "eu-north-1c",
            "capacity_reservation_specification": [
              {
                "capacity_reservation_preference": "open",
                "capacity_reservation_target": []
              }
            ],
            "cpu_core_count": 2,
            "cpu_options": [
              {
                "amd_sev_snp": "",
                "core_count": 2,
                "threads_per_core": 2
              }
            ],
            "cpu_threads_per_core": 2,
            "credit_specification": [],
            "disable_api_stop": false,
            "disable_api_termination": false,
            "ebs_block_device": [],
            "ebs_optimized": false,
            "enable_primary_ipv6": null,
            "enclave_options": [
              {
                "enabled": false
              }
            ],
            "ephemeral_block_device": [],
            "get_password_data": false,
            "hibernation": false,
            "host_id": "",
            "host_resource_group_arn": null,
            "iam_instance_profile": "adaptive-etl-airflow-instance-profile",
            "id": "i-065ca12bd726a5029",
            "instance_initiated_shutdown_behavior": "stop",
            "instance_lifecycle": "",
            "instance_market_options": [],
            "instance_state": "running",
            "instance_type": "m7i.xlarge",
            "ipv6_address_count": 0,
            "ipv6_addresses": [],
            "key_name": "adaptive-etl-airflow-key",
            "launch_template": [],
            "maintenance_options": [
              {
                "auto_recovery": "default"
              }
            ],
            "metadata_options": [
              {
                "http_endpoint": "enabled",
                "http_protocol_ipv6": "disabled",
                "http_put_response_hop_limit": 8,
                "http_tokens": "required",
                "instance_metadata_tags": "disabled"
              }
            ],
            "monitoring": false,
            "network_interface": [],
            "outpost_arn": "",
            "password_data": "",
            "placement_group": "",
            "placement_partition_number": 0,
            "primary_network_interface_id": "eni-0bf85878e49bf9adc",
            "private_dns": "ip-172-31-11-84.eu-north-1.compute.internal",
            "private_dns_name_options": [
              {
                "enable_resource_name_dns_a_record": false,
                "enable_resource_name_dns_aaaa_record": false,
                "hostname_type": "ip-name"
              }
            ],
            "private_ip": "172.31.11.84",
            "public_dns": "ec2-16-170-216-1.eu-north-1.compute.amazonaws.com",
            "public_ip": "16.170.216.1",
            "root_block_device": [
              {
                "delete_on_termination": true,
                "device_name": "/dev/xvda",
                "encrypted": false,
                "iops": 3000,
                "kms_key_id": "",
                "tags": null,
                "tags_all": {},
                "throughput": 125,
                "volume_id": "vol-023fb696cbcfa1058",
                "volume_size": 60,
                "volume_type": "gp3"
              }
            ],
            "secondary_private_ips": [],
            "security_groups": [
              "adaptive-etl-airflow-sg"
            ],
            "source_dest_check": true,
            "spot_instance_request_id": "",
            "subnet_id": "subnet-00c9dd98b23240443",
            "tags": {
              "Name": "adaptive-etl-airflow-ec2",
              "Purpose": "k3d-airflow"
            },
            "tags_all": {
              "Name": "adaptive-etl-airflow-ec2",
              "Purpose": "k3d-airflow"
            },
            "tenancy": "default",
            "timeouts": null,
            "user_data": null,
            "user_data_base64": "H4sIAAAAAAAA/9R87XLbtrbofz7FKuNp7O6QlCzHTdWqt4os22ocWyPJTXPTDAciIQkxSbAAKFt1dWf/ug9wZj9hn+QMPkhREpXYPdmnu55MLBFYH1hYWF9Y9JMvvDFJvDHiM4tjAQ7OKKQkxRNEIsvCdziA7+H7fYExeHPEvIhOvYxj5oRIIDeiU/gdIjqdYgaOgGIEHA6H33shnnsBTTiN8AEcfv9l3bI6F9fDUXfgX7Zfd1s2ImwS0VvbavcGpxdXb/yfuoNh7+qyZdfd+nO3throvW6fdf1R+6xlH7r1mntkW92fu53r0dWgZV/QAEXdOxxkgrIVTPvkde/S77eHwzdXg5OWHbx4kR3N355mi5OvbKv9ZugPumeKGs6chDIxc+q2NWz4L687r7qjlo1ClAoyxw4WkZMy+gEHwqk1Dl98c9yoHx8ffeOsAB2U2FZ7dN69bPtX16P+9ahl80bT8x6JxENihhPkMMyzSHDPtob99uDVSjIN97lbt63OxdX1yZv2qHOuZDnstzvdlt02xLqjC++ccrE2r3c56g5+al+07OOaXn+70+kOh/6r7lu/d9Ky9+63HjadpZ467HYG3VFpMJ++NVACGUqW/dHVq+7lanrpoZpqFnh+JTXCo6nweIrYjW2dtM+G/klvYJ4aZfFCNOW21R9c/djtjCrGjYxzwb1pD7rnV9fDrtwP1PS8vftii5ealHOLGJ7RjGPbsp7AH//65x//+ifUXRguuMAxpCi4QVPMzch/+D8LBzMK9ru6V2+8h17CBYoikkyBr6/GdV3bCpMJED0FnAWENLjBDKZEwAc0R079awfF6DeaOAFlDAtBIV2IGU0aTkpSYHyRBJDPiGgW3iIRzBw0xYmwLE0wEBHgBI0jDI6T0FtDREp6gDmN5hh+RHMEMxpjCBcJikmAomgBKAnhBuMUApTQRD6EFIkZTCiDtt5swMnctX5s/9T2X/akju0zjMKIJDfgTMDe2w9oHEs8zlwt6MA+sPV0rW57+yFhCYoxrH28zzEubQVBJvDuHXwBzl0xKOGXynpKvDa8f/8tyJNrAWj5dweDq0ETMr1yQYHli83BYcJorNiCMUkQWzShTBm+//JQYrsjAurWhBgu1hiw4YsW2F7GmReRsfdhHns79m2NwygBh0+STVwPwSMZwXcpZQLKcizjycf77dF5a0tezb17ObAsH7VDFzpSe95I7YG21B7Yn1EuIMaCkYDDP2BMqeCCoVQ6HH7wGc5iflAO1UHp0GRCphmTJ2WTGXVU4puQMHBS0Nbmlns7FN/DIrACJOD7B03dNeZ+4DSB77572nnTPutejp5a9xaArcbsJsgvALYRkB/QKMKBIDTxSSIwm6PIbsJx7ZmexrLER9yXHtpugs0oFbYFsJTDOY4VUnkMeIoCLOdu+RSDEqUpTkI/JDFOOKHJCh7AVmYnCXAvlCj27tEtb66eLW01b/mscg04LGMK0qz0VS4Fc5qxAEt674rHAPZXdvHt/bPV/BgjnjEca7GtQQRp5mccTbGPArnEagSCChRpNgTL8BrqjwvfzFzmIHaM4/XFfIS5GMdyv0I/xSyQ4ztW90gWQsJvHihQ79EC/Xz8Wvn/WkXlmV/pp/xWrS0TEmG+vjwzz48I3+T3vvTZAPvSxUidrY537WfrIBGd+lNGs9SXZ0bBlQM+DweHXmG5qoC5YBjFBfQ9MYfEJ+Fycz7DAidGZH6IFnKh9aPSnOVK5NtytJaWZUzJtmfe5cM/acCkB9wx5kj8v1gADgIuaAq//64O0GdDOsHycaAMNzgx4OBQDwUgt7L5P7e+DjdOYss9cYGYwCHcEjGDwl7C3n1VYL5UsUyu5+uT8qh8ycseseHCUIam8GN7wGF/2GjDP+AsyvAB0AS6nUNQ7vGPf/4LYpolkhOSCFrERSkNd4Sr1hPoLzRuIjiOJkA4pAw7JgxUmGSgAEHGBY0LlCRGUwzjjERCzuACp1Cvu9YTHb7to0jGXgtY4UFjOscHau1ihjnWi0EMA58hhkOYE6TW0Zdh3ZxGWYz1ctzcNzeUbz6ht0lEUSh980oUGp2gsEoanA+IcQ8q/PVquPxd6o5lnbdPrq76vkxPSmlWQyaZKmU5ebWWmB66jeOvbevs4rrr6xyjc9HrXo7868GFjHcqB5rOTIiUNz1vSsQsG7sBjT0eojFmIbrJpJo60yjDytI4ARIoolPHcBkRqa0MRxhxzL3QiMOby2Twbh22CtT9gNjScHze+6nb8Dvty5PeSXvUlbwNW/vSxhrOzYQS58pd2//L/M/IHDdK/O/iAd3yCI35DgY0vDOhzEEpCmZY4XViLBAXlOFqpo7cmtN+M3woYwdasqftzuhq8NbvXLSHQ19Hv4pDZWGkHZK4PIPHW/HQfjOU+nyCBOrowXMyxx1F4RQFgrKFG0SIc7OFZm9+bA8MFdv6gJgf0EQgknBfkvEnGnD/QHm5iMr0Sc6S/q1l79WlPE0uB47c/HxwaReqsL2ipS0j0v7bpxaJVZDPFzz/+BtJpdm1rBwTtOSwi9h0/q7+3jIc+Wop5bHD95Zgi6ZyVcqeGkzu/yXpKYnwfo7wGdjMPgDE4bdJs/B1yvpKfFjs/zZx5Vfp6/cPDix8F+BUQFf9IjTRQJKwTKv26wdW8bkGZALrLJLE4MYRx1A/sPpvraUVZCwCZ8KHFxTsTdMzQyGlqSMVZ+9+264slcIoJ1XoMsMprbsxmuPEpWzqqU+HnvyoVdYgLeH2KnE/jPjH+ZewKvPj4Y0zzpIwwo4p3Kys4CNWsa7/Fdi9beyPYcJiscr0q9bxgJM7oQwClIQkRAL7UjAk2TSEa5by3Q/vl/a3EFILQOfjzm8SYA3Jci3ZBpAHkyQZtgAmpCgQGN82Ygvp1pRDk8e+AZpBkKYXtjBrup/cw0+vvYLrEstjhtGN5jekCf600nzS/xh92eEel3mRxeF/ekHv3ysSX34JO63hn8VdSKba/v5J7cPRI9e8LdPPt+Yt3J9jzVtIV3UsfW6qcC8rqmnmsJy2R+2LJiRUnxdzUj4gpv3GAxwpZEmI2WZM6BbVtjK1IRZQGRIBZVCpxjIaRcAwCmYqrdJ1PXmUVRTMsGCLVSXL3a7xBakuXO4SjO2JOPX29seI47xYWT31QKUTpvwL6UItFmgSYJlByPheRt7f5qG4yh5uGqHOHCoCc3cjoDYYnbycbKUkbRS1ZNsMt1p792sXGEsbHEcgNsWiGg84zq8ZwUJyr0dCPEFZJLgro3WV8qQkuMEhZKli1GzC1eWpf9IbSBZIiNcyoXI1bhX4e1Xov/uue3VqqRFX+1N3wl3eQC6J06hF2dTVXnljdNhoy1BF3xhUwqNb7gYMhzKFRxF3U0bnJMSsFdDYLXykizIxc/NSWZ9RGQh1VmB9A1VJAidhSkkiWrzhaoepb7iWJfwBzdkLGZlj5uI7wVBHBjxyt1ub5/orMxub+7WHzjecSavnFqGua0zBpBzVbghAGhHXGJAS5APO9jrlAlchlSJ7kE8/LR/+a+QWN0NuSFihy8Wd0rI01bDci9NI1caQDDhbcv2WVKlVbn/kwk02xoGI/h4XSp+qnx9tXjSZ1aks/NX1y25ndLFKoPf2V7EE5DsSRu7NC+4SmudjHhfSgLriThysh6z6kkKmM6pMlEtyLRjdRrd3v8GIvruJSJLdeSgOj49yTLYVzGIawj/udpAq7eRzF85xFP+9t3FrP59v7qdco9rMip1j6NbV2XjGMZMBiDzfMuyf4cj8FyOSeDxgJBXcm2LhyKdOA34H1Xmwkuexq1zQXy6Jzy3R460T0ggfL9CbRugQKn9piRpf6/LZtiS/duGEMCzNIvm7XFyvSa4INuy9+7wRQFcmSjf/a5eIL1zovT4ZQsro3UKFCb32ayh5XHVxXIQ4/xaun0D9+Bv38PmRa34D4RCR5MbRBRgZBCZUAKOZ0PfCM0az6QxM5I4ZTJHAt2jBXesJvMHAsgSQKd8kU5LcmfWZGK7bOYSUkTkSGHp9E2SGaue1NARDkwkJrCf6tlnGZgUtL6UhJFjcUnajCqlEqICKpIo5Dv1Bd3B1PepdnkluRpgxNKFMYuEUOBYcZjT1IxIT0WoAp4rk/BAEvcEJl7TnmHEMjZwKRGiBGS/Kuy+2rl5LW1jerqpmBS2OnFmHYzYnAeaWJXEUXSdld+P8DP3rkb4jOIenP6tSCQ4OVT1Q1Q0V544QkcNxQJOQN+G49lRByAPa9LyNDfYiJDAXHkqJp4APbKvbOfT7g95P7VHX7/U3eDDE7V3EZc6/WsDSfgBtiUClXdpZOSSdH+nwX4soIlzI/ajWmf1VulKoyIlq0ZCmptCPA+uJUi+5N9KkCKqQMYwivWl5mOXm0TYWgacY8GRk7YYeiUPuqL3NY+3Ls97lz53TM0tuHmbmQk7zC3v364JcNl/Uj7/51tJzaKACLPBKt3gKt58izsv3ZtXC+3YDSs7ypbpKpABQd+ubUzgW/gwjmT+qn3PKBaz9fILGJoKfnVPKbhELcSg/AcAvewzHVGAfhSHbBJcL8xn+NcM8xyM39Vtzx7e0CnGastj2FphkR8l/V3+OApDaszr+Kr2mmQCHwIREAjMIkAhmmOcGRutO++Jih3mxnsC+VKeAYam0QAQHepsYTYMxI+EUP4OQTCaYyaRe4dOtQrUDaX6KS6+U0QBzjjlkHINutoNghkiiFBQxrGwsmkzU9bBrFfbMEZAgAU67vDR1IMPNrfMah9L7CJmQO6Gqb7+o6bkf4OSyPZJpLHVCzAVJtCba1QqrDmJfKhYXgAJGOQeGVRHAMjZrZXE5muPtfcmHS97uGx0qBVHG5W785Q770a7SeIBvtAeQWmECo3xNyuSX16hVR4q53EVqLKTjqD2yX9Re1Jovaj9EFIVjFMkkmuUzzA1jOaJolj7/oI1Qs7Y9vxxzNNe/7oTaSIybG98fAidPaXPj+8fhNqspzcqnu3GUOsCa5S9bELeICKtUEmKUCs+VKZLaM5Ur6Yv5KRYVe/Z9GcTTU/PGMZWqXV2e9s5aFZNKRGc0xp50oTJUNtSDtAJz5dQcYTCThigfa+YfPgojn8gs0UFnedNkPrHcQlozCSLDKf0bRuHlbtKaOqjtMMwzQr0odUpn+VdAYQjmotX04xaJjfmel88om5bgsjREAltWns6bs75qrMixOU7IFg7LkpYp/joUFiiO4PeiqILSNFpI9+eUt6LuFiXBOYqyv0tSVMhft/Oe4QQzbSrXV6P24bQ7uOyOTHf2fnG7G8BTc0U7RhwfHz2j/FsZASZiXz9wMxZxNMH++PgIJwEN8T7lbsZQEtJ4v3F4cOCGWD0+OHh6YFtvui+H3cFP3UHe/W0o0hQnnEfAVMvtDN9B41AGoiYgFHGaa4FjuFZbp2uueYFRBsB5b//SslTbCW9akKuAvsNVykcEZYtmPuDohhU1LNBU9R1uvT9gWg/TLIr6NCLBogmXeC5PrT7ZEntAGW6aKBOFPr5DcRph3gT7FEXcdAmGaMr9CY1CzJrrSaomgBiKIhwRHjfBPtIPY3RnOg19gfgN91PM/FCxqmbwYIbDLMKsmZPwQ8JU51rRJdcEu1Ez6Eji6541HRGV59RrBR+cJFO/CJqaYB/qIdPupsc5ZcKPaYibYMc0JBOCQ1+QGNuWNcEsweIVXqiFrpRsaVu3eKw9wxAHbDWnSkFkso6TuVyaow52E/pvR+dXl/326FwxpHSiucOT2SW4oqN4DWy9CXk1e/1+YJvSyrduQ23crWzQq755KSHJ1a9zdXmpruJPuqft64vRGh50K83j/2F4SmiiOgFba8XpNYQrHGZ4g6WPwD1mfv+tXr/eoTKMsSobuGXg+7o7ap+0R23/pDdsv7zonqyRmuRHpwxWgEht6XW6/qj3unt1vS6f55+Eurx+7bdHo+7r/mi4BtrYBF17uaVCFGvjWxLcetelAsPWnAospVdgKjGUxuWpIcmUYa5s4C0ea9ugM4NQtySrJzI3aoKtz7YBUdc0l4qyYAhPyI0xCmLWLPp75bfRIpW7zvCE3FlWSrmQ8L9GktgmKWWRt63wmIgExSTCUxQsvBWKkj2uH7t1t+aEeExQ4tTrDqurzUWZmGmEMoDSkjJG3XDI+S1l4frTEAkk/Vf5acpIjPJeoqKxOe8VMrkzX/UOBWnWhMNaLS6exDhWy3leP3xNzFNV4dqEel4FVT8jlsVwSPia5JTyW5bMhDFTQwynEQkQb0LNsgQj0ylm2u5vAsmVVY9IFySfpzq5xEmAN5RDTwSYEjFcJEHlqLXmdVZ81a0tCW7KT8mhXlsJIhfD4RmxtgWXC3tr+rGarlpqs7TP6NisI8WM0HC4qsRpXSIxppnYfDxBJMoYHs0Y5jMahWYgInOcYM5LaElCBEHRCY7QosDSOK7VPgtRa+UUtwW6vcZtDI1KPurVfBzKx6aMoBEKdZQ7Omnu9S0AU/S55nlgsW08GI2kdQpjkmyew+IZjhGJzIMfTFCkrkt1MMG40JZmhSVC+TNJe+Mol6Kz9Tc1lcF8iOYdVmhSrfZ6p+p9vT2/fqgArIg+7ChZOjGRy/mRKlOccSyzoXNKb3gxKyZThoS6rJYW6iNT16+G64cuvMxIFFY3X6sml7xvYLNr+8+lFfrlJ0VTJhW7yer+kZy4Sjc618PR1WsdWxcv85oovFkde1smWZbxN9imvzEP7KtB1iB2OZlmtWvJgcdKpo4uRJS4XtrgwHffnVx1XnUHp72LrnU6uHoND+DLuh52B8AoFdbg+hJQKpwpFiaPzXuy8qelSwvHSWi+aQ7DAY1jnIRcFTVTngOyGBw2Me9ck7GHUuHJLIB7X2nCuceTtFOSrihI9IHKv0PCNlJxp1CdvBna9OgcufWaW7NKYlBFHL37JnWskJyTV+a2yjsV4I/buY8iL52Xhlu0OOU6+5en7I86fw2vfrR2NVyk9QTpMsu+mBEOAt1gDv+vXpNZ38Gq6pJvfF4fWd/xXIVN0W67nGLKf+bao2SSV+1aZoqumezM4fUs452g/jxeqxM+gbYqylS+7KHbzbJ0ylCI1cVtEZHoZqOf1OTXei5NooX1xMgDqxo/3M5woso+BIfFlaoST47VcRjOODYsP1MXBGX5uZU1CkWXOykSwSwvVTztt0ed86frUVOJTeNy8oBfxmiOXLaMso3zyaWwCih1QL71mnsxrn16fqO/uGKqYI7XKOV/W4Cz4DF0DNijSK2q2A+htDV7i0gFcnVB9WDkpdkfR67aymc0xp/CXap9PwjxVjvkA3jfAVNFaOscfFrL1Nnqf0SxdivOLtB1XWEYhVdJtCiFkTsVZBPj1oRPIittcTWy0oSPINtUgDKu7T3/CKIdm7fJ245pG4jXMoa/zph8bi1TptJa+bqxcnZ9aU6lq9t2AmWbvfJxuRH/d/u4sovQjyafdAjrfm/L7eVxypGr1dg3uRgENEn0+8//KQFLsU1HapeKK9l1vvPwZMW/2qcnukXp3VfvlQPX75eyLOGAOPBsbMrPQCeqayTHIhC/eQYZL96AMa29rjXsnHdP/P7VScve289vdmQsrZq3nGR1IRRBQOOUJjgRrcIpg0PhA6eJetvt6b1LBI75u9p7N2+2Ua+JLZ8Wf9zDUZpRUF1/ByGnr/4gUon2BoTjFCMr8XAIcYQF3pBj/i70Y5D/os5cFQkUhhv4fzHn05F2MXHkmTcp3MaIaqnQ/WUbI8oawNP75VML6zKS1pA37cFl7/KsuQrTQHV6UAETmiXhM+A3JN2t76X3H6wJWd35yTMDjjOhrBXQJCSqf1q/Uyzxq4NV3uzCaOqhZOPAmzPZatRq3NI9WdcvL3qdP9WStaOLTEnr0Z1ksLMpqaKb7FH9X2k2jkhQNIDp/Wo9+Mc2EC+Lv7UipS2194t8KD+51z2AP/7/f+WcmdaXXMDL5ovai1oOc0GnRUOWhOFZSEEgEikDW/13Fv4E7/8NAAD//wEAAP//IAqeKs5MAAA=",
            "user_data_replace_on_change": false,
            "volume_tags": null,
            "vpc_security_group_ids": [
              "sg-0e0afc314da3e2762"
            ]
          },
          "sensitive_attributes": [
            [
              {
                "type": "get_attr",
                "value": "user_data_base64"
              }
            ]
          ],
          "identity_schema_version": 0,
          "private": "eyJlMmJmYjczMC1lY2FhLTExZTYtOGY4OC0zNDM2M2JjN2M0YzAiOnsiY3JlYXRlIjo2MDAwMDAwMDAwMDAsImRlbGV0ZSI6MTIwMDAwMDAwMDAwMCwicmVhZCI6OTAwMDAwMDAwMDAwLCJ1cGRhdGUiOjYwMDAwMDAwMDAwMH0sInNjaGVtYV92ZXJzaW9uIjoiMSJ9",
          "dependencies": [
            "aws_iam_instance_profile.ec2_profile",
            "aws_iam_role.ec2_role",
            "aws_key_pair.this",
            "aws_security_group.ec2_sg",
            "data.aws_ami.al2023",
            "data.aws_subnets.default",
            "data.aws_vpc.default"
          ]
        }
      ]
    },
    {
      "mode": "managed",
      "type": "aws_key_pair",
      "name": "this",
      "provider": "provider[\"registry.terraform.io/hashicorp/aws\"]",
      "instances": [
        {
          "schema_version": 1,
          "attributes": {
            "arn": "arn:aws:ec2:eu-north-1:032896316649:key-pair/adaptive-etl-airflow-key",
            "fingerprint": "ANJ4S3OL+F6Yf0jR+KDxdhZToTJC57N3Rl+5sMIO554=",
            "id": "adaptive-etl-airflow-key",
            "key_name": "adaptive-etl-airflow-key",
            "key_name_prefix": "",
            "key_pair_id": "key-07e34135f304af8f3",
            "key_type": "ed25519",
            "public_key": "ssh-ed25519 AAAAC3NzaC1lZDI1NTE5AAAAIC9MOLIsbokAyk68LiCsbd9kiX0J5ZexZ+gdD61mJn2c pidoprygora@MacBook-Polina.local",
            "tags": null,
            "tags_all": {}
          },
          "sensitive_attributes": [],
          "identity_schema_version": 0,
          "private": "eyJzY2hlbWFfdmVyc2lvbiI6IjEifQ=="
        }
      ]
    },
    {
      "mode": "managed",
      "type": "aws_security_group",
      "name": "ec2_sg",
      "provider": "provider[\"registry.terraform.io/hashicorp/aws\"]",
      "instances": [
        {
          "schema_version": 1,
          "attributes": {
            "arn": "arn:aws:ec2:eu-north-1:032896316649:security-group/sg-0e0afc314da3e2762",
            "description": "SSH and Airflow UI access",
            "egress": [
              {
                "cidr_blocks": [
                  "0.0.0.0/0"
                ],
                "description": "Outbound internet",
                "from_port": 0,
                "ipv6_cidr_blocks": [],
                "prefix_list_ids": [],
                "protocol": "-1",
                "security_groups": [],
                "self": false,
                "to_port": 0
              }
            ],
            "id": "sg-0e0afc314da3e2762",
            "ingress": [
              {
                "cidr_blocks": [
                  "0.0.0.0/0"
                ],
                "description": "Airflow UI",
                "from_port": 8080,
                "ipv6_cidr_blocks": [],
                "prefix_list_ids": [],
                "protocol": "tcp",
                "security_groups": [],
                "self": false,
                "to_port": 8080
              },
              {
                "cidr_blocks": [
                  "0.0.0.0/0"
                ],
                "description": "SSH",
                "from_port": 22,
                "ipv6_cidr_blocks": [],
                "prefix_list_ids": [],
                "protocol": "tcp",
                "security_groups": [],
                "self": false,
                "to_port": 22
              }
            ],
            "name": "adaptive-etl-airflow-sg",
            "name_prefix": "",
            "owner_id": "032896316649",
            "revoke_rules_on_delete": false,
            "tags": {
              "Name": "adaptive-etl-airflow-sg"
            },
            "tags_all": {
              "Name": "adaptive-etl-airflow-sg"
            },
            "timeouts": null,
            "vpc_id": "vpc-03a3eff37196f4f5e"
          },
          "sensitive_attributes": [],
          "identity_schema_version": 0,
          "private": "eyJlMmJmYjczMC1lY2FhLTExZTYtOGY4OC0zNDM2M2JjN2M0YzAiOnsiY3JlYXRlIjo2MDAwMDAwMDAwMDAsImRlbGV0ZSI6OTAwMDAwMDAwMDAwfSwic2NoZW1hX3ZlcnNpb24iOiIxIn0=",
          "dependencies": [
            "data.aws_vpc.default"
          ]
        }
      ]
    }
  ],
  "check_results": null
}
